
Microsoft Visual Studio Solution File, Format Version 12.00
# Visual Studio Version 17
VisualStudioVersion = 17.13.35828.75 d17.13
MinimumVisualStudioVersion = 10.0.40219.1
Project("{FAE04EC0-301F-11D3-BF4B-00C04F79EFBC}") = "condicionales_repetitivas", "condicionales_repetitivas\condicionales_repetitivas.csproj", "{30F9FB51-64F7-47AB-A632-D01953F1BBD3}"
EndProject
Global
	GlobalSection(SolutionConfigurationPlatforms) = preSolution
		Debug|Any CPU = Debug|Any CPU
		Release|Any CPU = Release|Any CPU
	EndGlobalSection
	GlobalSection(ProjectConfigurationPlatforms) = postSolution
		{30F9FB51-64F7-47AB-A632-D01953F1BBD3}.Debug|Any CPU.ActiveCfg = Debug|Any CPU
		{30F9FB51-64F7-47AB-A632-D01953F1BBD3}.Debug|Any CPU.Build.0 = Debug|Any CPU
		{30F9FB51-64F7-47AB-A632-D01953F1BBD3}.Release|Any CPU.ActiveCfg = Release|Any CPU
		{30F9FB51-64F7-47AB-A632-D01953F1BBD3}.Release|Any CPU.Build.0 = Release|Any CPU
	EndGlobalSection
	GlobalSection(SolutionProperties) = preSolution
		HideSolutionNode = FALSE
	EndGlobalSection
	GlobalSection(ExtensibilityGlobals) = postSolution
		SolutionGuid = {E6748C67-A604-4201-B474-59FB810CA381}
	EndGlobalSection
EndGlobal
